PODS:
  - Alamofire (4.9.0)
  - SVProgressHUD (2.2.5)

DEPENDENCIES:
  - Alamofire (~> 4.7)
  - SVProgressHUD

SPEC REPOS:
  trunk:
    - Alamofire
    - SVProgressHUD

SPEC CHECKSUMS:
  Alamofire: afc3e7c6db61476cb45cdd23fed06bad03bbc321
  SVProgressHUD: 1428aafac632c1f86f62aa4243ec12008d7a51d6

PODFILE CHECKSUM: c09a576cbf19f63409d6c54a0d0bf7bc890844c7

COCOAPODS: 1.8.0.beta.1
